
Microsoft Visual Studio Solution File, Format Version 12.00
# Visual Studio Version 17
VisualStudioVersion = 17.5.002.0
MinimumVisualStudioVersion = 10.0.40219.1
<<<<<<< HEAD
Project("{9A19103F-16F7-4668-BE54-9A1E7A4F7556}") = "BuilderDesignPattern", "BuilderDesignPattern\BuilderDesignPattern.csproj", "{C04D6D9F-4BF5-4F90-9B43-0AD36AA54BE2}"
=======
<<<<<<< HEAD
Project("{9A19103F-16F7-4668-BE54-9A1E7A4F7556}") = "PrototypeDesignPattern", "PrototypeDesignPattern\PrototypeDesignPattern.csproj", "{D8D58E37-EAFC-4577-A05A-28A6E7C1C756}"
=======
Project("{9A19103F-16F7-4668-BE54-9A1E7A4F7556}") = "AbstractFactoryMethodDesignPattern", "AbstractFactoryMethodDesignPattern\AbstractFactoryMethodDesignPattern.csproj", "{24C09727-EEFC-4E11-97E6-9FBBF437D3AB}"
>>>>>>> 97106f7ddc14f9f1bd9c57b78c9e48f2a4b42cc4
>>>>>>> b86944b05bc020c515b99c625788a11f5274a267
EndProject
Global
	GlobalSection(SolutionConfigurationPlatforms) = preSolution
		Debug|Any CPU = Debug|Any CPU
		Release|Any CPU = Release|Any CPU
	EndGlobalSection
	GlobalSection(ProjectConfigurationPlatforms) = postSolution
<<<<<<< HEAD
		{C04D6D9F-4BF5-4F90-9B43-0AD36AA54BE2}.Debug|Any CPU.ActiveCfg = Debug|Any CPU
		{C04D6D9F-4BF5-4F90-9B43-0AD36AA54BE2}.Debug|Any CPU.Build.0 = Debug|Any CPU
		{C04D6D9F-4BF5-4F90-9B43-0AD36AA54BE2}.Release|Any CPU.ActiveCfg = Release|Any CPU
		{C04D6D9F-4BF5-4F90-9B43-0AD36AA54BE2}.Release|Any CPU.Build.0 = Release|Any CPU
=======
<<<<<<< HEAD
		{D8D58E37-EAFC-4577-A05A-28A6E7C1C756}.Debug|Any CPU.ActiveCfg = Debug|Any CPU
		{D8D58E37-EAFC-4577-A05A-28A6E7C1C756}.Debug|Any CPU.Build.0 = Debug|Any CPU
		{D8D58E37-EAFC-4577-A05A-28A6E7C1C756}.Release|Any CPU.ActiveCfg = Release|Any CPU
		{D8D58E37-EAFC-4577-A05A-28A6E7C1C756}.Release|Any CPU.Build.0 = Release|Any CPU
=======
		{24C09727-EEFC-4E11-97E6-9FBBF437D3AB}.Debug|Any CPU.ActiveCfg = Debug|Any CPU
		{24C09727-EEFC-4E11-97E6-9FBBF437D3AB}.Debug|Any CPU.Build.0 = Debug|Any CPU
		{24C09727-EEFC-4E11-97E6-9FBBF437D3AB}.Release|Any CPU.ActiveCfg = Release|Any CPU
		{24C09727-EEFC-4E11-97E6-9FBBF437D3AB}.Release|Any CPU.Build.0 = Release|Any CPU
>>>>>>> 97106f7ddc14f9f1bd9c57b78c9e48f2a4b42cc4
>>>>>>> b86944b05bc020c515b99c625788a11f5274a267
	EndGlobalSection
	GlobalSection(SolutionProperties) = preSolution
		HideSolutionNode = FALSE
	EndGlobalSection
	GlobalSection(ExtensibilityGlobals) = postSolution
<<<<<<< HEAD
		SolutionGuid = {703394AA-1DE1-477C-B1EF-8F8DE4B0784B}
=======
<<<<<<< HEAD
		SolutionGuid = {120DBED8-8ADF-47B0-A7A2-600EE8D66117}
=======
		SolutionGuid = {303E78A1-94A3-4255-9E41-29113C56174D}
>>>>>>> 97106f7ddc14f9f1bd9c57b78c9e48f2a4b42cc4
>>>>>>> b86944b05bc020c515b99c625788a11f5274a267
	EndGlobalSection
EndGlobal
